github.com/kandros/goutil v0.0.0-20190417214409-4d8709681fc8 h1:mcQVIMW7LgrjmkMsu6/+KkybREOLUQ1gswQmAWV5t04=
github.com/kandros/goutil v0.0.0-20190417214409-4d8709681fc8/go.mod h1:FW03tVSQ05DfwudjYTDSVM/oQeyvQtP841KGTXHBH+g=
github.com/kandros/goutil v0.0.0-20200218233513-e47462460cfb h1:rYHPLop5L8UlLKTYVmiFeCrKeX82RyH4RP9pHD7H/m0=
github.com/kandros/goutil v0.0.0-20200218233513-e47462460cfb/go.mod h1:78iB01UqXa6+fxU5lVpbmj8u7czGvIcY17BtFP2UTco=
